// !$*UTF8*$!
{
	archiveVersion = 1;
	classes = {
	};
	objectVersion = 56;
	objects = {

/* Begin PBXBuildFile section */
		6E61ED372BF556A700C13B3B /* StoperApp.swift in Sources */ = {isa = PBXBuildFile; fileRef = 6E61ED362BF556A700C13B3B /* StoperApp.swift */; };
		6E61ED392BF556A700C13B3B /* ContentView.swift in Sources */ = {isa = PBXBuildFile; fileRef = 6E61ED382BF556A700C13B3B /* ContentView.swift */; };
		6E61ED3B2BF556AA00C13B3B /* Assets.xcassets in Resources */ = {isa = PBXBuildFile; fileRef = 6E61ED3A2BF556AA00C13B3B /* Assets.xcassets */; };
		6E61ED3E2BF556AA00C13B3B /* Preview Assets.xcassets in Resources */ = {isa = PBXBuildFile; fileRef = 6E61ED3D2BF556AA00C13B3B /* Preview Assets.xcassets */; };
		6E61ED482BF556AA00C13B3B /* StoperTests.swift in Sources */ = {isa = PBXBuildFile; fileRef = 6E61ED472BF556AA00C13B3B /* StoperTests.swift */; };
		6E61ED522BF556AA00C13B3B /* StoperUITests.swift in Sources */ = {isa = PBXBuildFile; fileRef = 6E61ED512BF556AA00C13B3B /* StoperUITests.swift */; };
		6E61ED542BF556AA00C13B3B /* StoperUITestsLaunchTests.swift in Sources */ = {isa = PBXBuildFile; fileRef = 6E61ED532BF556AA00C13B3B /* StoperUITestsLaunchTests.swift */; };
/* End PBXBuildFile section */

/* Begin PBXContainerItemProxy section */
		6E61ED442BF556AA00C13B3B /* PBXContainerItemProxy */ = {
			isa = PBXContainerItemProxy;
			containerPortal = 6E61ED2B2BF556A700C13B3B /* Project object */;
			proxyType = 1;
			remoteGlobalIDString = 6E61ED322BF556A700C13B3B;
			remoteInfo = Stoper;
		};
		6E61ED4E2BF556AA00C13B3B /* PBXContainerItemProxy */ = {
			isa = PBXContainerItemProxy;
			containerPortal = 6E61ED2B2BF556A700C13B3B /* Project object */;
			proxyType = 1;
			remoteGlobalIDString = 6E61ED322BF556A700C13B3B;
			remoteInfo = Stoper;
		};
/* End PBXContainerItemProxy section */

/* Begin PBXFileReference section */
		6E61ED332BF556A700C13B3B /* Stoper.app */ = {isa = PBXFileReference; explicitFileType = wrapper.application; includeInIndex = 0; path = Stoper.app; sourceTree = BUILT_PRODUCTS_DIR; };
		6E61ED362BF556A700C13B3B /* StoperApp.swift */ = {isa = PBXFileReference; lastKnownFileType = sourcecode.swift; path = StoperApp.swift; sourceTree = "<group>"; };
		6E61ED382BF556A700C13B3B /* ContentView.swift */ = {isa = PBXFileReference; lastKnownFileType = sourcecode.swift; path = ContentView.swift; sourceTree = "<group>"; };
		6E61ED3A2BF556AA00C13B3B /* Assets.xcassets */ = {isa = PBXFileReference; lastKnownFileType = folder.assetcatalog; path = Assets.xcassets; sourceTree = "<group>"; };
		6E61ED3D2BF556AA00C13B3B /* Preview Assets.xcassets */ = {isa = PBXFileReference; lastKnownFileType = folder.assetcatalog; path = "Preview Assets.xcassets"; sourceTree = "<group>"; };
		6E61ED432BF556AA00C13B3B /* StoperTests.xctest */ = {isa = PBXFileReference; explicitFileType = wrapper.cfbundle; includeInIndex = 0; path = StoperTests.xctest; sourceTree = BUILT_PRODUCTS_DIR; };
		6E61ED472BF556AA00C13B3B /* StoperTests.swift */ = {isa = PBXFileReference; lastKnownFileType = sourcecode.swift; path = StoperTests.swift; sourceTree = "<group>"; };
		6E61ED4D2BF556AA00C13B3B /* StoperUITests.xctest */ = {isa = PBXFileReference; explicitFileType = wrapper.cfbundle; includeInIndex = 0; path = StoperUITests.xctest; sourceTree = BUILT_PRODUCTS_DIR; };
		6E61ED512BF556AA00C13B3B /* StoperUITests.swift */ = {isa = PBXFileReference; lastKnownFileType = sourcecode.swift; path = StoperUITests.swift; sourceTree = "<group>"; };
		6E61ED532BF556AA00C13B3B /* StoperUITestsLaunchTests.swift */ = {isa = PBXFileReference; lastKnownFileType = sourcecode.swift; path = StoperUITestsLaunchTests.swift; sourceTree = "<group>"; };
/* End PBXFileReference section */

/* Begin PBXFrameworksBuildPhase section */
		6E61ED302BF556A700C13B3B /* Frameworks */ = {
			isa = PBXFrameworksBuildPhase;
			buildActionMask = 2147483647;
			files = (
			);
			runOnlyForDeploymentPostprocessing = 0;
		};
		6E61ED402BF556AA00C13B3B /* Frameworks */ = {
			isa = PBXFrameworksBuildPhase;
			buildActionMask = 2147483647;
			files = (
			);
			runOnlyForDeploymentPostprocessing = 0;
		};
		6E61ED4A2BF556AA00C13B3B /* Frameworks */ = {
			isa = PBXFrameworksBuildPhase;
			buildActionMask = 2147483647;
			files = (
			);
			runOnlyForDeploymentPostprocessing = 0;
		};
/* End PBXFrameworksBuildPhase section */

/* Begin PBXGroup section */
		6E61ED2A2BF556A700C13B3B = {
			isa = PBXGroup;
			children = (
				6E61ED352BF556A700C13B3B /* Stoper */,
				6E61ED462BF556AA00C13B3B /* StoperTests */,
				6E61ED502BF556AA00C13B3B /* StoperUITests */,
				6E61ED342BF556A700C13B3B /* Products */,
			);
			sourceTree = "<group>";
		};
		6E61ED342BF556A700C13B3B /* Products */ = {
			isa = PBXGroup;
			children = (
				6E61ED332BF556A700C13B3B /* Stoper.app */,
				6E61ED432BF556AA00C13B3B /* StoperTests.xctest */,
				6E61ED4D2BF556AA00C13B3B /* StoperUITests.xctest */,
			);
			name = Products;
			sourceTree = "<group>";
		};
		6E61ED352BF556A700C13B3B /* Stoper */ = {
			isa = PBXGroup;
			children = (
				6E61ED362BF556A700C13B3B /* StoperApp.swift */,
				6E61ED382BF556A700C13B3B /* ContentView.swift */,
				6E61ED3A2BF556AA00C13B3B /* Assets.xcassets */,
				6E61ED3C2BF556AA00C13B3B /* Preview Content */,
			);
			path = Stoper;
			sourceTree = "<group>";
		};
		6E61ED3C2BF556AA00C13B3B /* Preview Content */ = {
			isa = PBXGroup;
			children = (
				6E61ED3D2BF556AA00C13B3B /* Preview Assets.xcassets */,
			);
			path = "Preview Content";
			sourceTree = "<group>";
		};
		6E61ED462BF556AA00C13B3B /* StoperTests */ = {
			isa = PBXGroup;
			children = (
				6E61ED472BF556AA00C13B3B /* StoperTests.swift */,
			);
			path = StoperTests;
			sourceTree = "<group>";
		};
		6E61ED502BF556AA00C13B3B /* StoperUITests */ = {
			isa = PBXGroup;
			children = (
				6E61ED512BF556AA00C13B3B /* StoperUITests.swift */,
				6E61ED532BF556AA00C13B3B /* StoperUITestsLaunchTests.swift */,
			);
			path = StoperUITests;
			sourceTree = "<group>";
		};
/* End PBXGroup section */

/* Begin PBXNativeTarget section */
		6E61ED322BF556A700C13B3B /* Stoper */ = {
			isa = PBXNativeTarget;
			buildConfigurationList = 6E61ED572BF556AA00C13B3B /* Build configuration list for PBXNativeTarget "Stoper" */;
			buildPhases = (
				6E61ED2F2BF556A700C13B3B /* Sources */,
				6E61ED302BF556A700C13B3B /* Frameworks */,
				6E61ED312BF556A700C13B3B /* Resources */,
			);
			buildRules = (
			);
			dependencies = (
			);
			name = Stoper;
			productName = Stoper;
			productReference = 6E61ED332BF556A700C13B3B /* Stoper.app */;
			productType = "com.apple.product-type.application";
		};
		6E61ED422BF556AA00C13B3B /* StoperTests */ = {
			isa = PBXNativeTarget;
			buildConfigurationList = 6E61ED5A2BF556AA00C13B3B /* Build configuration list for PBXNativeTarget "StoperTests" */;
			buildPhases = (
				6E61ED3F2BF556AA00C13B3B /* Sources */,
				6E61ED402BF556AA00C13B3B /* Frameworks */,
				6E61ED412BF556AA00C13B3B /* Resources */,
			);
			buildRules = (
			);
			dependencies = (
				6E61ED452BF556AA00C13B3B /* PBXTargetDependency */,
			);
			name = StoperTests;
			productName = StoperTests;
			productReference = 6E61ED432BF556AA00C13B3B /* StoperTests.xctest */;
			productType = "com.apple.product-type.bundle.unit-test";
		};
		6E61ED4C2BF556AA00C13B3B /* StoperUITests */ = {
			isa = PBXNativeTarget;
			buildConfigurationList = 6E61ED5D2BF556AA00C13B3B /* Build configuration list for PBXNativeTarget "StoperUITests" */;
			buildPhases = (
				6E61ED492BF556AA00C13B3B /* Sources */,
				6E61ED4A2BF556AA00C13B3B /* Frameworks */,
				6E61ED4B2BF556AA00C13B3B /* Resources */,
			);
			buildRules = (
			);
			dependencies = (
				6E61ED4F2BF556AA00C13B3B /* PBXTargetDependency */,
			);
			name = StoperUITests;
			productName = StoperUITests;
			productReference = 6E61ED4D2BF556AA00C13B3B /* StoperUITests.xctest */;
			productType = "com.apple.product-type.bundle.ui-testing";
		};
/* End PBXNativeTarget section */

/* Begin PBXProject section */
		6E61ED2B2BF556A700C13B3B /* Project object */ = {
			isa = PBXProject;
			attributes = {
				BuildIndependentTargetsInParallel = 1;
				LastSwiftUpdateCheck = 1530;
				LastUpgradeCheck = 1530;
				TargetAttributes = {
					6E61ED322BF556A700C13B3B = {
						CreatedOnToolsVersion = 15.3;
					};
					6E61ED422BF556AA00C13B3B = {
						CreatedOnToolsVersion = 15.3;
						TestTargetID = 6E61ED322BF556A700C13B3B;
					};
					6E61ED4C2BF556AA00C13B3B = {
						CreatedOnToolsVersion = 15.3;
						TestTargetID = 6E61ED322BF556A700C13B3B;
					};
				};
			};
			buildConfigurationList = 6E61ED2E2BF556A700C13B3B /* Build configuration list for PBXProject "Stoper" */;
			compatibilityVersion = "Xcode 14.0";
			developmentRegion = en;
			hasScannedForEncodings = 0;
			knownRegions = (
				en,
				Base,
			);
			mainGroup = 6E61ED2A2BF556A700C13B3B;
			productRefGroup = 6E61ED342BF556A700C13B3B /* Products */;
			projectDirPath = "";
			projectRoot = "";
			targets = (
				6E61ED322BF556A700C13B3B /* Stoper */,
				6E61ED422BF556AA00C13B3B /* StoperTests */,
				6E61ED4C2BF556AA00C13B3B /* StoperUITests */,
			);
		};
/* End PBXProject section */

/* Begin PBXResourcesBuildPhase section */
		6E61ED312BF556A700C13B3B /* Resources */ = {
			isa = PBXResourcesBuildPhase;
			buildActionMask = 2147483647;
			files = (
				6E61ED3E2BF556AA00C13B3B /* Preview Assets.xcassets in Resources */,
				6E61ED3B2BF556AA00C13B3B /* Assets.xcassets in Resources */,
			);
			runOnlyForDeploymentPostprocessing = 0;
		};
		6E61ED412BF556AA00C13B3B /* Resources */ = {
			isa = PBXResourcesBuildPhase;
			buildActionMask = 2147483647;
			files = (
			);
			runOnlyForDeploymentPostprocessing = 0;
		};
		6E61ED4B2BF556AA00C13B3B /* Resources */ = {
			isa = PBXResourcesBuildPhase;
			buildActionMask = 2147483647;
			files = (
			);
			runOnlyForDeploymentPostprocessing = 0;
		};
/* End PBXResourcesBuildPhase section */

/* Begin PBXSourcesBuildPhase section */
		6E61ED2F2BF556A700C13B3B /* Sources */ = {
			isa = PBXSourcesBuildPhase;
			buildActionMask = 2147483647;
			files = (
				6E61ED392BF556A700C13B3B /* ContentView.swift in Sources */,
				6E61ED372BF556A700C13B3B /* StoperApp.swift in Sources */,
			);
			runOnlyForDeploymentPostprocessing = 0;
		};
		6E61ED3F2BF556AA00C13B3B /* Sources */ = {
			isa = PBXSourcesBuildPhase;
			buildActionMask = 2147483647;
			files = (
				6E61ED482BF556AA00C13B3B /* StoperTests.swift in Sources */,
			);
			runOnlyForDeploymentPostprocessing = 0;
		};
		6E61ED492BF556AA00C13B3B /* Sources */ = {
			isa = PBXSourcesBuildPhase;
			buildActionMask = 2147483647;
			files = (
				6E61ED522BF556AA00C13B3B /* StoperUITests.swift in Sources */,
				6E61ED542BF556AA00C13B3B /* StoperUITestsLaunchTests.swift in Sources */,
			);
			runOnlyForDeploymentPostprocessing = 0;
		};
/* End PBXSourcesBuildPhase section */

/* Begin PBXTargetDependency section */
		6E61ED452BF556AA00C13B3B /* PBXTargetDependency */ = {
			isa = PBXTargetDependency;
			target = 6E61ED322BF556A700C13B3B /* Stoper */;
			targetProxy = 6E61ED442BF556AA00C13B3B /* PBXContainerItemProxy */;
		};
		6E61ED4F2BF556AA00C13B3B /* PBXTargetDependency */ = {
			isa = PBXTargetDependency;
			target = 6E61ED322BF556A700C13B3B /* Stoper */;
			targetProxy = 6E61ED4E2BF556AA00C13B3B /* PBXContainerItemProxy */;
		};
/* End PBXTargetDependency section */

/* Begin XCBuildConfiguration section */
		6E61ED552BF556AA00C13B3B /* Debug */ = {
			isa = XCBuildConfiguration;
			buildSettings = {
				ALWAYS_SEARCH_USER_PATHS = NO;
				ASSETCATALOG_COMPILER_GENERATE_SWIFT_ASSET_SYMBOL_EXTENSIONS = YES;
				CLANG_ANALYZER_NONNULL = YES;
				CLANG_ANALYZER_NUMBER_OBJECT_CONVERSION = YES_AGGRESSIVE;
				CLANG_CXX_LANGUAGE_STANDARD = "gnu++20";
				CLANG_ENABLE_MODULES = YES;
				CLANG_ENABLE_OBJC_ARC = YES;
				CLANG_ENABLE_OBJC_WEAK = YES;
				CLANG_WARN_BLOCK_CAPTURE_AUTORELEASING = YES;
				CLANG_WARN_BOOL_CONVERSION = YES;
				CLANG_WARN_COMMA = YES;
				CLANG_WARN_CONSTANT_CONVERSION = YES;
				CLANG_WARN_DEPRECATED_OBJC_IMPLEMENTATIONS = YES;
				CLANG_WARN_DIRECT_OBJC_ISA_USAGE = YES_ERROR;
				CLANG_WARN_DOCUMENTATION_COMMENTS = YES;
				CLANG_WARN_EMPTY_BODY = YES;
				CLANG_WARN_ENUM_CONVERSION = YES;
				CLANG_WARN_INFINITE_RECURSION = YES;
				CLANG_WARN_INT_CONVERSION = YES;
				CLANG_WARN_NON_LITERAL_NULL_CONVERSION = YES;
				CLANG_WARN_OBJC_IMPLICIT_RETAIN_SELF = YES;
				CLANG_WARN_OBJC_LITERAL_CONVERSION = YES;
				CLANG_WARN_OBJC_ROOT_CLASS = YES_ERROR;
				CLANG_WARN_QUOTED_INCLUDE_IN_FRAMEWORK_HEADER = YES;
				CLANG_WARN_RANGE_LOOP_ANALYSIS = YES;
				CLANG_WARN_STRICT_PROTOTYPES = YES;
				CLANG_WARN_SUSPICIOUS_MOVE = YES;
				CLANG_WARN_UNGUARDED_AVAILABILITY = YES_AGGRESSIVE;
				CLANG_WARN_UNREACHABLE_CODE = YES;
				CLANG_WARN__DUPLICATE_METHOD_MATCH = YES;
				COPY_PHASE_STRIP = NO;
				DEBUG_INFORMATION_FORMAT = dwarf;
				ENABLE_STRICT_OBJC_MSGSEND = YES;
				ENABLE_TESTABILITY = YES;
				ENABLE_USER_SCRIPT_SANDBOXING = YES;
				GCC_C_LANGUAGE_STANDARD = gnu17;
				GCC_DYNAMIC_NO_PIC = NO;
				GCC_NO_COMMON_BLOCKS = YES;
				GCC_OPTIMIZATION_LEVEL = 0;
				GCC_PREPROCESSOR_DEFINITIONS = (
					"DEBUG=1",
					"$(inherited)",
				);
				GCC_WARN_64_TO_32_BIT_CONVERSION = YES;
				GCC_WARN_ABOUT_RETURN_TYPE = YES_ERROR;
				GCC_WARN_UNDECLARED_SELECTOR = YES;
				GCC_WARN_UNINITIALIZED_AUTOS = YES_AGGRESSIVE;
				GCC_WARN_UNUSED_FUNCTION = YES;
				GCC_WARN_UNUSED_VARIABLE = YES;
				IPHONEOS_DEPLOYMENT_TARGET = 17.4;
				LOCALIZATION_PREFERS_STRING_CATALOGS = YES;
				MTL_ENABLE_DEBUG_INFO = INCLUDE_SOURCE;
				MTL_FAST_MATH = YES;
				ONLY_ACTIVE_ARCH = YES;
				SDKROOT = iphoneos;
				SWIFT_ACTIVE_COMPILATION_CONDITIONS = "DEBUG $(inherited)";
				SWIFT_OPTIMIZATION_LEVEL = "-Onone";
			};
			name = Debug;
		};
		6E61ED562BF556AA00C13B3B /* Release */ = {
			isa = XCBuildConfiguration;
			buildSettings = {
				ALWAYS_SEARCH_USER_PATHS = NO;
				ASSETCATALOG_COMPILER_GENERATE_SWIFT_ASSET_SYMBOL_EXTENSIONS = YES;
				CLANG_ANALYZER_NONNULL = YES;
				CLANG_ANALYZER_NUMBER_OBJECT_CONVERSION = YES_AGGRESSIVE;
				CLANG_CXX_LANGUAGE_STANDARD = "gnu++20";
				CLANG_ENABLE_MODULES = YES;
				CLANG_ENABLE_OBJC_ARC = YES;
				CLANG_ENABLE_OBJC_WEAK = YES;
				CLANG_WARN_BLOCK_CAPTURE_AUTORELEASING = YES;
				CLANG_WARN_BOOL_CONVERSION = YES;
				CLANG_WARN_COMMA = YES;
				CLANG_WARN_CONSTANT_CONVERSION = YES;
				CLANG_WARN_DEPRECATED_OBJC_IMPLEMENTATIONS = YES;
				CLANG_WARN_DIRECT_OBJC_ISA_USAGE = YES_ERROR;
				CLANG_WARN_DOCUMENTATION_COMMENTS = YES;
				CLANG_WARN_EMPTY_BODY = YES;
				CLANG_WARN_ENUM_CONVERSION = YES;
				CLANG_WARN_INFINITE_RECURSION = YES;
				CLANG_WARN_INT_CONVERSION = YES;
				CLANG_WARN_NON_LITERAL_NULL_CONVERSION = YES;
				CLANG_WARN_OBJC_IMPLICIT_RETAIN_SELF = YES;
				CLANG_WARN_OBJC_LITERAL_CONVERSION = YES;
				CLANG_WARN_OBJC_ROOT_CLASS = YES_ERROR;
				CLANG_WARN_QUOTED_INCLUDE_IN_FRAMEWORK_HEADER = YES;
				CLANG_WARN_RANGE_LOOP_ANALYSIS = YES;
				CLANG_WARN_STRICT_PROTOTYPES = YES;
				CLANG_WARN_SUSPICIOUS_MOVE = YES;
				CLANG_WARN_UNGUARDED_AVAILABILITY = YES_AGGRESSIVE;
				CLANG_WARN_UNREACHABLE_CODE = YES;
				CLANG_WARN__DUPLICATE_METHOD_MATCH = YES;
				COPY_PHASE_STRIP = NO;
				DEBUG_INFORMATION_FORMAT = "dwarf-with-dsym";
				ENABLE_NS_ASSERTIONS = NO;
				ENABLE_STRICT_OBJC_MSGSEND = YES;
				ENABLE_USER_SCRIPT_SANDBOXING = YES;
				GCC_C_LANGUAGE_STANDARD = gnu17;
				GCC_NO_COMMON_BLOCKS = YES;
				GCC_WARN_64_TO_32_BIT_CONVERSION = YES;
				GCC_WARN_ABOUT_RETURN_TYPE = YES_ERROR;
				GCC_WARN_UNDECLARED_SELECTOR = YES;
				GCC_WARN_UNINITIALIZED_AUTOS = YES_AGGRESSIVE;
				GCC_WARN_UNUSED_FUNCTION = YES;
				GCC_WARN_UNUSED_VARIABLE = YES;
				IPHONEOS_DEPLOYMENT_TARGET = 17.4;
				LOCALIZATION_PREFERS_STRING_CATALOGS = YES;
				MTL_ENABLE_DEBUG_INFO = NO;
				MTL_FAST_MATH = YES;
				SDKROOT = iphoneos;
				SWIFT_COMPILATION_MODE = wholemodule;
				VALIDATE_PRODUCT = YES;
			};
			name = Release;
		};
		6E61ED582BF556AA00C13B3B /* Debug */ = {
			isa = XCBuildConfiguration;
			buildSettings = {
				ASSETCATALOG_COMPILER_APPICON_NAME = AppIcon;
				ASSETCATALOG_COMPILER_GLOBAL_ACCENT_COLOR_NAME = AccentColor;
				CODE_SIGN_STYLE = Automatic;
				CURRENT_PROJECT_VERSION = 1;
				DEVELOPMENT_ASSET_PATHS = "\"Stoper/Preview Content\"";
				DEVELOPMENT_TEAM = 7F597BRM5C;
				ENABLE_PREVIEWS = YES;
				GENERATE_INFOPLIST_FILE = YES;
				INFOPLIST_KEY_UIApplicationSceneManifest_Generation = YES;
				INFOPLIST_KEY_UIApplicationSupportsIndirectInputEvents = YES;
				INFOPLIST_KEY_UILaunchScreen_Generation = YES;
				INFOPLIST_KEY_UISupportedInterfaceOrientations_iPad = "UIInterfaceOrientationPortrait UIInterfaceOrientationPortraitUpsideDown UIInterfaceOrientationLandscapeLeft UIInterfaceOrientationLandscapeRight";
				INFOPLIST_KEY_UISupportedInterfaceOrientations_iPhone = "UIInterfaceOrientationPortrait UIInterfaceOrientationLandscapeLeft UIInterfaceOrientationLandscapeRight";
				LD_RUNPATH_SEARCH_PATHS = (
					"$(inherited)",
					"@executable_path/Frameworks",
				);
				MARKETING_VERSION = 1.0;
				PRODUCT_BUNDLE_IDENTIFIER = com.wojboj.Stoper;
				PRODUCT_NAME = "$(TARGET_NAME)";
				SWIFT_EMIT_LOC_STRINGS = YES;
				SWIFT_VERSION = 5.0;
				TARGETED_DEVICE_FAMILY = "1,2";
			};
			name = Debug;
		};
		6E61ED592BF556AA00C13B3B /* Release */ = {
			isa = XCBuildConfiguration;
			buildSettings = {
				ASSETCATALOG_COMPILER_APPICON_NAME = AppIcon;
				ASSETCATALOG_COMPILER_GLOBAL_ACCENT_COLOR_NAME = AccentColor;
				CODE_SIGN_STYLE = Automatic;
				CURRENT_PROJECT_VERSION = 1;
				DEVELOPMENT_ASSET_PATHS = "\"Stoper/Preview Content\"";
				DEVELOPMENT_TEAM = 7F597BRM5C;
				ENABLE_PREVIEWS = YES;
				GENERATE_INFOPLIST_FILE = YES;
				INFOPLIST_KEY_UIApplicationSceneManifest_Generation = YES;
				INFOPLIST_KEY_UIApplicationSupportsIndirectInputEvents = YES;
				INFOPLIST_KEY_UILaunchScreen_Generation = YES;
				INFOPLIST_KEY_UISupportedInterfaceOrientations_iPad = "UIInterfaceOrientationPortrait UIInterfaceOrientationPortraitUpsideDown UIInterfaceOrientationLandscapeLeft UIInterfaceOrientationLandscapeRight";
				INFOPLIST_KEY_UISupportedInterfaceOrientations_iPhone = "UIInterfaceOrientationPortrait UIInterfaceOrientationLandscapeLeft UIInterfaceOrientationLandscapeRight";
				LD_RUNPATH_SEARCH_PATHS = (
					"$(inherited)",
					"@executable_path/Frameworks",
				);
				MARKETING_VERSION = 1.0;
				PRODUCT_BUNDLE_IDENTIFIER = com.wojboj.Stoper;
				PRODUCT_NAME = "$(TARGET_NAME)";
				SWIFT_EMIT_LOC_STRINGS = YES;
				SWIFT_VERSION = 5.0;
				TARGETED_DEVICE_FAMILY = "1,2";
			};
			name = Release;
		};
		6E61ED5B2BF556AA00C13B3B /* Debug */ = {
			isa = XCBuildConfiguration;
			buildSettings = {
				ALWAYS_EMBED_SWIFT_STANDARD_LIBRARIES = YES;
				BUNDLE_LOADER = "$(TEST_HOST)";
				CODE_SIGN_STYLE = Automatic;
				CURRENT_PROJECT_VERSION = 1;
				DEVELOPMENT_TEAM = 7F597BRM5C;
				GENERATE_INFOPLIST_FILE = YES;
				IPHONEOS_DEPLOYMENT_TARGET = 17.4;
				MARKETING_VERSION = 1.0;
				PRODUCT_BUNDLE_IDENTIFIER = com.wojboj.StoperTests;
				PRODUCT_NAME = "$(TARGET_NAME)";
				SWIFT_EMIT_LOC_STRINGS = NO;
				SWIFT_VERSION = 5.0;
				TARGETED_DEVICE_FAMILY = "1,2";
				TEST_HOST = "$(BUILT_PRODUCTS_DIR)/Stoper.app/$(BUNDLE_EXECUTABLE_FOLDER_PATH)/Stoper";
			};
			name = Debug;
		};
		6E61ED5C2BF556AA00C13B3B /* Release */ = {
			isa = XCBuildConfiguration;
			buildSettings = {
				ALWAYS_EMBED_SWIFT_STANDARD_LIBRARIES = YES;
				BUNDLE_LOADER = "$(TEST_HOST)";
				CODE_SIGN_STYLE = Automatic;
				CURRENT_PROJECT_VERSION = 1;
				DEVELOPMENT_TEAM = 7F597BRM5C;
				GENERATE_INFOPLIST_FILE = YES;
				IPHONEOS_DEPLOYMENT_TARGET = 17.4;
				MARKETING_VERSION = 1.0;
				PRODUCT_BUNDLE_IDENTIFIER = com.wojboj.StoperTests;
				PRODUCT_NAME = "$(TARGET_NAME)";
				SWIFT_EMIT_LOC_STRINGS = NO;
				SWIFT_VERSION = 5.0;
				TARGETED_DEVICE_FAMILY = "1,2";
				TEST_HOST = "$(BUILT_PRODUCTS_DIR)/Stoper.app/$(BUNDLE_EXECUTABLE_FOLDER_PATH)/Stoper";
			};
			name = Release;
		};
		6E61ED5E2BF556AA00C13B3B /* Debug */ = {
			isa = XCBuildConfiguration;
			buildSettings = {
				ALWAYS_EMBED_SWIFT_STANDARD_LIBRARIES = YES;
				CODE_SIGN_STYLE = Automatic;
				CURRENT_PROJECT_VERSION = 1;
				DEVELOPMENT_TEAM = 7F597BRM5C;
				GENERATE_INFOPLIST_FILE = YES;
				MARKETING_VERSION = 1.0;
				PRODUCT_BUNDLE_IDENTIFIER = com.wojboj.StoperUITests;
				PRODUCT_NAME = "$(TARGET_NAME)";
				SWIFT_EMIT_LOC_STRINGS = NO;
				SWIFT_VERSION = 5.0;
				TARGETED_DEVICE_FAMILY = "1,2";
				TEST_TARGET_NAME = Stoper;
			};
			name = Debug;
		};
		6E61ED5F2BF556AA00C13B3B /* Release */ = {
			isa = XCBuildConfiguration;
			buildSettings = {
				ALWAYS_EMBED_SWIFT_STANDARD_LIBRARIES = YES;
				CODE_SIGN_STYLE = Automatic;
				CURRENT_PROJECT_VERSION = 1;
				DEVELOPMENT_TEAM = 7F597BRM5C;
				GENERATE_INFOPLIST_FILE = YES;
				MARKETING_VERSION = 1.0;
				PRODUCT_BUNDLE_IDENTIFIER = com.wojboj.StoperUITests;
				PRODUCT_NAME = "$(TARGET_NAME)";
				SWIFT_EMIT_LOC_STRINGS = NO;
				SWIFT_VERSION = 5.0;
				TARGETED_DEVICE_FAMILY = "1,2";
				TEST_TARGET_NAME = Stoper;
			};
			name = Release;
		};
/* End XCBuildConfiguration section */

/* Begin XCConfigurationList section */
		6E61ED2E2BF556A700C13B3B /* Build configuration list for PBXProject "Stoper" */ = {
			isa = XCConfigurationList;
			buildConfigurations = (
				6E61ED552BF556AA00C13B3B /* Debug */,
				6E61ED562BF556AA00C13B3B /* Release */,
			);
			defaultConfigurationIsVisible = 0;
			defaultConfigurationName = Release;
		};
		6E61ED572BF556AA00C13B3B /* Build configuration list for PBXNativeTarget "Stoper" */ = {
			isa = XCConfigurationList;
			buildConfigurations = (
				6E61ED582BF556AA00C13B3B /* Debug */,
				6E61ED592BF556AA00C13B3B /* Release */,
			);
			defaultConfigurationIsVisible = 0;
			defaultConfigurationName = Release;
		};
		6E61ED5A2BF556AA00C13B3B /* Build configuration list for PBXNativeTarget "StoperTests" */ = {
			isa = XCConfigurationList;
			buildConfigurations = (
				6E61ED5B2BF556AA00C13B3B /* Debug */,
				6E61ED5C2BF556AA00C13B3B /* Release */,
			);
			defaultConfigurationIsVisible = 0;
			defaultConfigurationName = Release;
		};
		6E61ED5D2BF556AA00C13B3B /* Build configuration list for PBXNativeTarget "StoperUITests" */ = {
			isa = XCConfigurationList;
			buildConfigurations = (
				6E61ED5E2BF556AA00C13B3B /* Debug */,
				6E61ED5F2BF556AA00C13B3B /* Release */,
			);
			defaultConfigurationIsVisible = 0;
			defaultConfigurationName = Release;
		};
/* End XCConfigurationList section */
	};
	rootObject = 6E61ED2B2BF556A700C13B3B /* Project object */;
}
